
Microsoft Visual Studio Solution File, Format Version 12.00
# Visual Studio Version 17
VisualStudioVersion = 17.4.33103.184
MinimumVisualStudioVersion = 10.0.40219.1
Project("{FAE04EC0-301F-11D3-BF4B-00C04F79EFBC}") = "agencia_api", "agencia_api\agencia_api.csproj", "{965D0068-9E33-408E-B9B6-A01C93326187}"
EndProject
Global
	GlobalSection(SolutionConfigurationPlatforms) = preSolution
		Debug|Any CPU = Debug|Any CPU
		Release|Any CPU = Release|Any CPU
	EndGlobalSection
	GlobalSection(ProjectConfigurationPlatforms) = postSolution
		{965D0068-9E33-408E-B9B6-A01C93326187}.Debug|Any CPU.ActiveCfg = Debug|Any CPU
		{965D0068-9E33-408E-B9B6-A01C93326187}.Debug|Any CPU.Build.0 = Debug|Any CPU
		{965D0068-9E33-408E-B9B6-A01C93326187}.Release|Any CPU.ActiveCfg = Release|Any CPU
		{965D0068-9E33-408E-B9B6-A01C93326187}.Release|Any CPU.Build.0 = Release|Any CPU
	EndGlobalSection
	GlobalSection(SolutionProperties) = preSolution
		HideSolutionNode = FALSE
	EndGlobalSection
	GlobalSection(ExtensibilityGlobals) = postSolution
		SolutionGuid = {6987FC97-FBFD-471A-B654-A9AD67FCC2B4}
	EndGlobalSection
EndGlobal
